
Microsoft Visual Studio Solution File, Format Version 12.00
# Visual Studio Version 16
VisualStudioVersion = 16.0.31727.386
MinimumVisualStudioVersion = 10.0.40219.1
Project("{FAE04EC0-301F-11D3-BF4B-00C04F79EFBC}") = "ConsoleWebApi", "ConsoleWebApi\ConsoleWebApi.csproj", "{3B5946D0-C55E-461D-A1C0-3AEA038FD442}"
EndProject
Global
	GlobalSection(SolutionConfigurationPlatforms) = preSolution
		Debug|Any CPU = Debug|Any CPU
		Release|Any CPU = Release|Any CPU
	EndGlobalSection
	GlobalSection(ProjectConfigurationPlatforms) = postSolution
		{3B5946D0-C55E-461D-A1C0-3AEA038FD442}.Debug|Any CPU.ActiveCfg = Debug|Any CPU
		{3B5946D0-C55E-461D-A1C0-3AEA038FD442}.Debug|Any CPU.Build.0 = Debug|Any CPU
		{3B5946D0-C55E-461D-A1C0-3AEA038FD442}.Release|Any CPU.ActiveCfg = Release|Any CPU
		{3B5946D0-C55E-461D-A1C0-3AEA038FD442}.Release|Any CPU.Build.0 = Release|Any CPU
	EndGlobalSection
	GlobalSection(SolutionProperties) = preSolution
		HideSolutionNode = FALSE
	EndGlobalSection
	GlobalSection(ExtensibilityGlobals) = postSolution
		SolutionGuid = {44B9AD30-0AEA-469B-8798-73FE0F42347F}
	EndGlobalSection
EndGlobal
